
Microsoft Visual Studio Solution File, Format Version 12.00
# Visual Studio Version 17
VisualStudioVersion = 17.4.33403.182
MinimumVisualStudioVersion = 10.0.40219.1
Project("{9A19103F-16F7-4668-BE54-9A1E7A4F7556}") = "Core", "Core\Core.csproj", "{2066A4F8-68D8-4105-8E0C-53E957C5D1E3}"
EndProject
Project("{9A19103F-16F7-4668-BE54-9A1E7A4F7556}") = "Core.Tests", "Core.Tests\Core.Tests.csproj", "{30BD8EDC-AB72-47AF-98F5-DF912B45EAD9}"
EndProject
Project("{9A19103F-16F7-4668-BE54-9A1E7A4F7556}") = "ViewModels", "ViewModels\ViewModels.csproj", "{7AD5CBD3-5143-4630-80B0-A40A385DDB3D}"
EndProject
Project("{9A19103F-16F7-4668-BE54-9A1E7A4F7556}") = "MessageBox_Core", "MessageBox_Core\MessageBox_Core.csproj", "{AD0CB827-EEEB-4F21-A30E-A36A0E43B8F6}"
EndProject
Project("{9A19103F-16F7-4668-BE54-9A1E7A4F7556}") = "CustomControls_Core", "CustomControls_Core\CustomControls_Core.csproj", "{E662C3C7-9959-420E-8E5B-FD81A3AC3750}"
EndProject
Global
	GlobalSection(SolutionConfigurationPlatforms) = preSolution
		Debug|Any CPU = Debug|Any CPU
		Release|Any CPU = Release|Any CPU
	EndGlobalSection
	GlobalSection(ProjectConfigurationPlatforms) = postSolution
		{2066A4F8-68D8-4105-8E0C-53E957C5D1E3}.Debug|Any CPU.ActiveCfg = Debug|Any CPU
		{2066A4F8-68D8-4105-8E0C-53E957C5D1E3}.Debug|Any CPU.Build.0 = Debug|Any CPU
		{2066A4F8-68D8-4105-8E0C-53E957C5D1E3}.Release|Any CPU.ActiveCfg = Release|Any CPU
		{2066A4F8-68D8-4105-8E0C-53E957C5D1E3}.Release|Any CPU.Build.0 = Release|Any CPU
		{30BD8EDC-AB72-47AF-98F5-DF912B45EAD9}.Debug|Any CPU.ActiveCfg = Debug|Any CPU
		{30BD8EDC-AB72-47AF-98F5-DF912B45EAD9}.Debug|Any CPU.Build.0 = Debug|Any CPU
		{30BD8EDC-AB72-47AF-98F5-DF912B45EAD9}.Release|Any CPU.ActiveCfg = Release|Any CPU
		{30BD8EDC-AB72-47AF-98F5-DF912B45EAD9}.Release|Any CPU.Build.0 = Release|Any CPU
		{7AD5CBD3-5143-4630-80B0-A40A385DDB3D}.Debug|Any CPU.ActiveCfg = Debug|Any CPU
		{7AD5CBD3-5143-4630-80B0-A40A385DDB3D}.Debug|Any CPU.Build.0 = Debug|Any CPU
		{7AD5CBD3-5143-4630-80B0-A40A385DDB3D}.Release|Any CPU.ActiveCfg = Release|Any CPU
		{7AD5CBD3-5143-4630-80B0-A40A385DDB3D}.Release|Any CPU.Build.0 = Release|Any CPU
		{AD0CB827-EEEB-4F21-A30E-A36A0E43B8F6}.Debug|Any CPU.ActiveCfg = Debug|Any CPU
		{AD0CB827-EEEB-4F21-A30E-A36A0E43B8F6}.Debug|Any CPU.Build.0 = Debug|Any CPU
		{AD0CB827-EEEB-4F21-A30E-A36A0E43B8F6}.Release|Any CPU.ActiveCfg = Release|Any CPU
		{AD0CB827-EEEB-4F21-A30E-A36A0E43B8F6}.Release|Any CPU.Build.0 = Release|Any CPU
		{E662C3C7-9959-420E-8E5B-FD81A3AC3750}.Debug|Any CPU.ActiveCfg = Debug|Any CPU
		{E662C3C7-9959-420E-8E5B-FD81A3AC3750}.Debug|Any CPU.Build.0 = Debug|Any CPU
		{E662C3C7-9959-420E-8E5B-FD81A3AC3750}.Release|Any CPU.ActiveCfg = Release|Any CPU
		{E662C3C7-9959-420E-8E5B-FD81A3AC3750}.Release|Any CPU.Build.0 = Release|Any CPU
	EndGlobalSection
	GlobalSection(SolutionProperties) = preSolution
		HideSolutionNode = FALSE
	EndGlobalSection
	GlobalSection(ExtensibilityGlobals) = postSolution
		SolutionGuid = {E13A41F0-198E-4459-BD0C-78E9F95AF3CD}
	EndGlobalSection
EndGlobal
